// !$*UTF8*$!
{
	archiveVersion = 1;
	classes = {
	};
	objectVersion = 46;
	objects = {

/* Begin PBXBuildFile section */
		CF062858195E1B330005F178 /* RDGridviewFlowLayout.m in Sources */ = {isa = PBXBuildFile; fileRef = CF062855195E1B330005F178 /* RDGridviewFlowLayout.m */; };
		CF062859195E1B330005F178 /* RDMapviewLayout.m in Sources */ = {isa = PBXBuildFile; fileRef = CF062857195E1B330005F178 /* RDMapviewLayout.m */; };
		CF06285C195E1B3C0005F178 /* RDCollectionView.m in Sources */ = {isa = PBXBuildFile; fileRef = CF06285B195E1B3C0005F178 /* RDCollectionView.m */; };
		CF062867195E366F0005F178 /* PhotosUI.framework in Frameworks */ = {isa = PBXBuildFile; fileRef = CF062866195E366F0005F178 /* PhotosUI.framework */; };
		CF062869195E366F0005F178 /* Photos.framework in Frameworks */ = {isa = PBXBuildFile; fileRef = CF062868195E366F0005F178 /* Photos.framework */; };
		CF06286F195E366F0005F178 /* PhotoEditingViewController.m in Sources */ = {isa = PBXBuildFile; fileRef = CF06286E195E366F0005F178 /* PhotoEditingViewController.m */; };
		CF062871195E366F0005F178 /* MainInterface.storyboard in Resources */ = {isa = PBXBuildFile; fileRef = CF062870195E366F0005F178 /* MainInterface.storyboard */; };
		CF062875195E366F0005F178 /* VaporWareWolf-Software.Superpowers.SuperpowersEditor.appex in Embed App Extensions */ = {isa = PBXBuildFile; fileRef = CF062864195E366F0005F178 /* VaporWareWolf-Software.Superpowers.SuperpowersEditor.appex */; };
		CF16153C195F733F00A66C9D /* PhotoEditorCollectionViewCell.m in Sources */ = {isa = PBXBuildFile; fileRef = CF16153B195F733F00A66C9D /* PhotoEditorCollectionViewCell.m */; };
		CF1B5D3B195E02D1004F722D /* NSTimer+Blocks.m in Sources */ = {isa = PBXBuildFile; fileRef = CF1B5D3A195E02D1004F722D /* NSTimer+Blocks.m */; };
		CF236A57195E070200F0CBEB /* VWWWelcomeViewController.m in Sources */ = {isa = PBXBuildFile; fileRef = CF236A56195E070200F0CBEB /* VWWWelcomeViewController.m */; };
		CF400E59195F4F120044E4FB /* VWWUserDefaults.m in Sources */ = {isa = PBXBuildFile; fileRef = CF730922195F4EB30062F811 /* VWWUserDefaults.m */; };
		CF400E5A195F4F120044E4FB /* VWWUtility.m in Sources */ = {isa = PBXBuildFile; fileRef = CF73091F195F4EB30062F811 /* VWWUtility.m */; };
		CF400E5C195F4F590044E4FB /* MapKit.framework in Frameworks */ = {isa = PBXBuildFile; fileRef = CF400E5B195F4F590044E4FB /* MapKit.framework */; };
		CF400E5D195F4F590044E4FB /* MapKit.framework in Frameworks */ = {isa = PBXBuildFile; fileRef = CF400E5B195F4F590044E4FB /* MapKit.framework */; };
		CF400E60195F65B10044E4FB /* VWWLocationController.m in Sources */ = {isa = PBXBuildFile; fileRef = CF400E5F195F65B10044E4FB /* VWWLocationController.m */; };
		CF400E61195F65B10044E4FB /* VWWLocationController.m in Sources */ = {isa = PBXBuildFile; fileRef = CF400E5F195F65B10044E4FB /* VWWLocationController.m */; };
		CF423CED195DFBCD009FE860 /* VWWLibraryViewController.m in Sources */ = {isa = PBXBuildFile; fileRef = CF423CEC195DFBCD009FE860 /* VWWLibraryViewController.m */; };
		CF554ECF195D107B00F043C3 /* main.m in Sources */ = {isa = PBXBuildFile; fileRef = CF554ECE195D107B00F043C3 /* main.m */; };
		CF554ED2195D107B00F043C3 /* AppDelegate.m in Sources */ = {isa = PBXBuildFile; fileRef = CF554ED1195D107B00F043C3 /* AppDelegate.m */; };
		CF554ED5195D107B00F043C3 /* ViewController.m in Sources */ = {isa = PBXBuildFile; fileRef = CF554ED4195D107B00F043C3 /* ViewController.m */; };
		CF554ED8195D107B00F043C3 /* Main.storyboard in Resources */ = {isa = PBXBuildFile; fileRef = CF554ED6195D107B00F043C3 /* Main.storyboard */; };
		CF554EDA195D107B00F043C3 /* Images.xcassets in Resources */ = {isa = PBXBuildFile; fileRef = CF554ED9195D107B00F043C3 /* Images.xcassets */; };
		CF554EE6195D107B00F043C3 /* SuperpowersTests.m in Sources */ = {isa = PBXBuildFile; fileRef = CF554EE5195D107B00F043C3 /* SuperpowersTests.m */; };
		CF554EF1195D121000F043C3 /* VWWAssetCollectionViewCell.m in Sources */ = {isa = PBXBuildFile; fileRef = CF554EF0195D121000F043C3 /* VWWAssetCollectionViewCell.m */; };
		CF554EF3195D1A4E00F043C3 /* ideas.txt in Resources */ = {isa = PBXBuildFile; fileRef = CF554EF2195D1A4E00F043C3 /* ideas.txt */; };
		CF554EFB195D1D9400F043C3 /* VWWFullScreenViewController.m in Sources */ = {isa = PBXBuildFile; fileRef = CF554EFA195D1D9400F043C3 /* VWWFullScreenViewController.m */; };
		CF730916195F4D1C0062F811 /* CoreLocation.framework in Frameworks */ = {isa = PBXBuildFile; fileRef = CF730915195F4D1C0062F811 /* CoreLocation.framework */; };
		CF730919195F4D2A0062F811 /* MapKit.framework in Frameworks */ = {isa = PBXBuildFile; fileRef = CF730918195F4D2A0062F811 /* MapKit.framework */; };
		CF730923195F4EB30062F811 /* VWWUtility.m in Sources */ = {isa = PBXBuildFile; fileRef = CF73091F195F4EB30062F811 /* VWWUtility.m */; };
		CF730924195F4EB30062F811 /* VWWUserDefaults.m in Sources */ = {isa = PBXBuildFile; fileRef = CF730922195F4EB30062F811 /* VWWUserDefaults.m */; };
/* End PBXBuildFile section */

/* Begin PBXContainerItemProxy section */
		CF062872195E366F0005F178 /* PBXContainerItemProxy */ = {
			isa = PBXContainerItemProxy;
			containerPortal = CF554EC1195D107B00F043C3 /* Project object */;
			proxyType = 1;
			remoteGlobalIDString = CF062863195E366F0005F178;
			remoteInfo = SuperpowersEditor;
		};
		CF062876195E366F0005F178 /* PBXContainerItemProxy */ = {
			isa = PBXContainerItemProxy;
			containerPortal = CF554EC1195D107B00F043C3 /* Project object */;
			proxyType = 1;
			remoteGlobalIDString = CF062863195E366F0005F178;
			remoteInfo = SuperpowersEditor;
		};
		CF16153D195F761900A66C9D /* PBXContainerItemProxy */ = {
			isa = PBXContainerItemProxy;
			containerPortal = CF554EC1195D107B00F043C3 /* Project object */;
			proxyType = 1;
			remoteGlobalIDString = CF554EC8195D107B00F043C3;
			remoteInfo = Superpowers;
		};
		CF554EE0195D107B00F043C3 /* PBXContainerItemProxy */ = {
			isa = PBXContainerItemProxy;
			containerPortal = CF554EC1195D107B00F043C3 /* Project object */;
			proxyType = 1;
			remoteGlobalIDString = CF554EC8195D107B00F043C3;
			remoteInfo = Superpowers;
		};
/* End PBXContainerItemProxy section */

/* Begin PBXCopyFilesBuildPhase section */
		CF062874195E366F0005F178 /* Embed App Extensions */ = {
			isa = PBXCopyFilesBuildPhase;
			buildActionMask = 2147483647;
			dstPath = "";
			dstSubfolderSpec = 13;
			files = (
				CF062875195E366F0005F178 /* VaporWareWolf-Software.Superpowers.SuperpowersEditor.appex in Embed App Extensions */,
			);
			name = "Embed App Extensions";
			runOnlyForDeploymentPostprocessing = 0;
		};
/* End PBXCopyFilesBuildPhase section */

/* Begin PBXFileReference section */
		CF062854195E1B330005F178 /* RDGridviewFlowLayout.h */ = {isa = PBXFileReference; fileEncoding = 4; lastKnownFileType = sourcecode.c.h; path = RDGridviewFlowLayout.h; sourceTree = "<group>"; };
		CF062855195E1B330005F178 /* RDGridviewFlowLayout.m */ = {isa = PBXFileReference; fileEncoding = 4; lastKnownFileType = sourcecode.c.objc; path = RDGridviewFlowLayout.m; sourceTree = "<group>"; };
		CF062856195E1B330005F178 /* RDMapviewLayout.h */ = {isa = PBXFileReference; fileEncoding = 4; lastKnownFileType = sourcecode.c.h; path = RDMapviewLayout.h; sourceTree = "<group>"; };
		CF062857195E1B330005F178 /* RDMapviewLayout.m */ = {isa = PBXFileReference; fileEncoding = 4; lastKnownFileType = sourcecode.c.objc; path = RDMapviewLayout.m; sourceTree = "<group>"; };
		CF06285A195E1B3C0005F178 /* RDCollectionView.h */ = {isa = PBXFileReference; fileEncoding = 4; lastKnownFileType = sourcecode.c.h; path = RDCollectionView.h; sourceTree = "<group>"; };
		CF06285B195E1B3C0005F178 /* RDCollectionView.m */ = {isa = PBXFileReference; fileEncoding = 4; lastKnownFileType = sourcecode.c.objc; path = RDCollectionView.m; sourceTree = "<group>"; };
		CF062864195E366F0005F178 /* VaporWareWolf-Software.Superpowers.SuperpowersEditor.appex */ = {isa = PBXFileReference; explicitFileType = "wrapper.app-extension"; includeInIndex = 0; path = "VaporWareWolf-Software.Superpowers.SuperpowersEditor.appex"; sourceTree = BUILT_PRODUCTS_DIR; };
		CF062866195E366F0005F178 /* PhotosUI.framework */ = {isa = PBXFileReference; lastKnownFileType = wrapper.framework; name = PhotosUI.framework; path = System/Library/Frameworks/PhotosUI.framework; sourceTree = SDKROOT; };
		CF062868195E366F0005F178 /* Photos.framework */ = {isa = PBXFileReference; lastKnownFileType = wrapper.framework; name = Photos.framework; path = System/Library/Frameworks/Photos.framework; sourceTree = SDKROOT; };
		CF06286C195E366F0005F178 /* Info.plist */ = {isa = PBXFileReference; lastKnownFileType = text.plist.xml; path = Info.plist; sourceTree = "<group>"; };
		CF06286D195E366F0005F178 /* PhotoEditingViewController.h */ = {isa = PBXFileReference; lastKnownFileType = sourcecode.c.h; path = PhotoEditingViewController.h; sourceTree = "<group>"; };
		CF06286E195E366F0005F178 /* PhotoEditingViewController.m */ = {isa = PBXFileReference; lastKnownFileType = sourcecode.c.objc; path = PhotoEditingViewController.m; sourceTree = "<group>"; };
		CF062870195E366F0005F178 /* MainInterface.storyboard */ = {isa = PBXFileReference; lastKnownFileType = file.storyboard; path = MainInterface.storyboard; sourceTree = "<group>"; };
		CF16153A195F733F00A66C9D /* PhotoEditorCollectionViewCell.h */ = {isa = PBXFileReference; fileEncoding = 4; lastKnownFileType = sourcecode.c.h; path = PhotoEditorCollectionViewCell.h; sourceTree = "<group>"; };
		CF16153B195F733F00A66C9D /* PhotoEditorCollectionViewCell.m */ = {isa = PBXFileReference; fileEncoding = 4; lastKnownFileType = sourcecode.c.objc; path = PhotoEditorCollectionViewCell.m; sourceTree = "<group>"; };
		CF1B5D35195E02C7004F722D /* VWW.h */ = {isa = PBXFileReference; fileEncoding = 4; lastKnownFileType = sourcecode.c.h; path = VWW.h; sourceTree = "<group>"; };
		CF1B5D36195E02C7004F722D /* VWWBlocks.h */ = {isa = PBXFileReference; fileEncoding = 4; lastKnownFileType = sourcecode.c.h; path = VWWBlocks.h; sourceTree = "<group>"; };
		CF1B5D37195E02C7004F722D /* VWWDefines.h */ = {isa = PBXFileReference; fileEncoding = 4; lastKnownFileType = sourcecode.c.h; path = VWWDefines.h; sourceTree = "<group>"; };
		CF1B5D38195E02C7004F722D /* VWWTypes.h */ = {isa = PBXFileReference; fileEncoding = 4; lastKnownFileType = sourcecode.c.h; path = VWWTypes.h; sourceTree = "<group>"; };
		CF1B5D39195E02D1004F722D /* NSTimer+Blocks.h */ = {isa = PBXFileReference; fileEncoding = 4; lastKnownFileType = sourcecode.c.h; path = "NSTimer+Blocks.h"; sourceTree = "<group>"; };
		CF1B5D3A195E02D1004F722D /* NSTimer+Blocks.m */ = {isa = PBXFileReference; fileEncoding = 4; lastKnownFileType = sourcecode.c.objc; path = "NSTimer+Blocks.m"; sourceTree = "<group>"; };
		CF236A55195E070200F0CBEB /* VWWWelcomeViewController.h */ = {isa = PBXFileReference; fileEncoding = 4; lastKnownFileType = sourcecode.c.h; path = VWWWelcomeViewController.h; sourceTree = "<group>"; };
		CF236A56195E070200F0CBEB /* VWWWelcomeViewController.m */ = {isa = PBXFileReference; fileEncoding = 4; lastKnownFileType = sourcecode.c.objc; path = VWWWelcomeViewController.m; sourceTree = "<group>"; };
		CF400E5B195F4F590044E4FB /* MapKit.framework */ = {isa = PBXFileReference; lastKnownFileType = wrapper.framework; name = MapKit.framework; path = System/Library/Frameworks/MapKit.framework; sourceTree = SDKROOT; };
		CF400E5E195F65B10044E4FB /* VWWLocationController.h */ = {isa = PBXFileReference; fileEncoding = 4; lastKnownFileType = sourcecode.c.h; path = VWWLocationController.h; sourceTree = "<group>"; };
		CF400E5F195F65B10044E4FB /* VWWLocationController.m */ = {isa = PBXFileReference; fileEncoding = 4; lastKnownFileType = sourcecode.c.objc; path = VWWLocationController.m; sourceTree = "<group>"; };
		CF423CEB195DFBCD009FE860 /* VWWLibraryViewController.h */ = {isa = PBXFileReference; fileEncoding = 4; lastKnownFileType = sourcecode.c.h; path = VWWLibraryViewController.h; sourceTree = "<group>"; };
		CF423CEC195DFBCD009FE860 /* VWWLibraryViewController.m */ = {isa = PBXFileReference; fileEncoding = 4; lastKnownFileType = sourcecode.c.objc; path = VWWLibraryViewController.m; sourceTree = "<group>"; };
		CF554EC9195D107B00F043C3 /* Superpowers.app */ = {isa = PBXFileReference; explicitFileType = wrapper.application; includeInIndex = 0; path = Superpowers.app; sourceTree = BUILT_PRODUCTS_DIR; };
		CF554ECD195D107B00F043C3 /* Info.plist */ = {isa = PBXFileReference; lastKnownFileType = text.plist.xml; path = Info.plist; sourceTree = "<group>"; };
		CF554ECE195D107B00F043C3 /* main.m */ = {isa = PBXFileReference; lastKnownFileType = sourcecode.c.objc; path = main.m; sourceTree = "<group>"; };
		CF554ED0195D107B00F043C3 /* AppDelegate.h */ = {isa = PBXFileReference; lastKnownFileType = sourcecode.c.h; path = AppDelegate.h; sourceTree = "<group>"; };
		CF554ED1195D107B00F043C3 /* AppDelegate.m */ = {isa = PBXFileReference; lastKnownFileType = sourcecode.c.objc; path = AppDelegate.m; sourceTree = "<group>"; };
		CF554ED3195D107B00F043C3 /* ViewController.h */ = {isa = PBXFileReference; lastKnownFileType = sourcecode.c.h; path = ViewController.h; sourceTree = "<group>"; };
		CF554ED4195D107B00F043C3 /* ViewController.m */ = {isa = PBXFileReference; lastKnownFileType = sourcecode.c.objc; path = ViewController.m; sourceTree = "<group>"; };
		CF554ED7195D107B00F043C3 /* Base */ = {isa = PBXFileReference; lastKnownFileType = file.storyboard; name = Base; path = Base.lproj/Main.storyboard; sourceTree = "<group>"; };
		CF554ED9195D107B00F043C3 /* Images.xcassets */ = {isa = PBXFileReference; lastKnownFileType = folder.assetcatalog; path = Images.xcassets; sourceTree = "<group>"; };
		CF554EDF195D107B00F043C3 /* SuperpowersTests.xctest */ = {isa = PBXFileReference; explicitFileType = wrapper.cfbundle; includeInIndex = 0; path = SuperpowersTests.xctest; sourceTree = BUILT_PRODUCTS_DIR; };
		CF554EE4195D107B00F043C3 /* Info.plist */ = {isa = PBXFileReference; lastKnownFileType = text.plist.xml; path = Info.plist; sourceTree = "<group>"; };
		CF554EE5195D107B00F043C3 /* SuperpowersTests.m */ = {isa = PBXFileReference; lastKnownFileType = sourcecode.c.objc; path = SuperpowersTests.m; sourceTree = "<group>"; };
		CF554EEF195D121000F043C3 /* VWWAssetCollectionViewCell.h */ = {isa = PBXFileReference; fileEncoding = 4; lastKnownFileType = sourcecode.c.h; path = VWWAssetCollectionViewCell.h; sourceTree = "<group>"; };
		CF554EF0195D121000F043C3 /* VWWAssetCollectionViewCell.m */ = {isa = PBXFileReference; fileEncoding = 4; lastKnownFileType = sourcecode.c.objc; path = VWWAssetCollectionViewCell.m; sourceTree = "<group>"; };
		CF554EF2195D1A4E00F043C3 /* ideas.txt */ = {isa = PBXFileReference; fileEncoding = 4; lastKnownFileType = text; path = ideas.txt; sourceTree = "<group>"; };
		CF554EF9195D1D9400F043C3 /* VWWFullScreenViewController.h */ = {isa = PBXFileReference; fileEncoding = 4; lastKnownFileType = sourcecode.c.h; path = VWWFullScreenViewController.h; sourceTree = "<group>"; };
		CF554EFA195D1D9400F043C3 /* VWWFullScreenViewController.m */ = {isa = PBXFileReference; fileEncoding = 4; lastKnownFileType = sourcecode.c.objc; path = VWWFullScreenViewController.m; sourceTree = "<group>"; };
		CF730915195F4D1C0062F811 /* CoreLocation.framework */ = {isa = PBXFileReference; lastKnownFileType = wrapper.framework; name = CoreLocation.framework; path = System/Library/Frameworks/CoreLocation.framework; sourceTree = SDKROOT; };
		CF730918195F4D2A0062F811 /* MapKit.framework */ = {isa = PBXFileReference; lastKnownFileType = wrapper.framework; name = MapKit.framework; path = System/Library/Frameworks/MapKit.framework; sourceTree = SDKROOT; };
		CF73091F195F4EB30062F811 /* VWWUtility.m */ = {isa = PBXFileReference; fileEncoding = 4; lastKnownFileType = sourcecode.c.objc; path = VWWUtility.m; sourceTree = "<group>"; };
		CF730920195F4EB30062F811 /* VWWUtility.h */ = {isa = PBXFileReference; fileEncoding = 4; lastKnownFileType = sourcecode.c.h; path = VWWUtility.h; sourceTree = "<group>"; };
		CF730921195F4EB30062F811 /* VWWUserDefaults.h */ = {isa = PBXFileReference; fileEncoding = 4; lastKnownFileType = sourcecode.c.h; path = VWWUserDefaults.h; sourceTree = "<group>"; };
		CF730922195F4EB30062F811 /* VWWUserDefaults.m */ = {isa = PBXFileReference; fileEncoding = 4; lastKnownFileType = sourcecode.c.objc; path = VWWUserDefaults.m; sourceTree = "<group>"; };
/* End PBXFileReference section */

/* Begin PBXFrameworksBuildPhase section */
		CF062861195E366F0005F178 /* Frameworks */ = {
			isa = PBXFrameworksBuildPhase;
			buildActionMask = 2147483647;
			files = (
				CF730919195F4D2A0062F811 /* MapKit.framework in Frameworks */,
				CF730916195F4D1C0062F811 /* CoreLocation.framework in Frameworks */,
				CF400E5D195F4F590044E4FB /* MapKit.framework in Frameworks */,
				CF062867195E366F0005F178 /* PhotosUI.framework in Frameworks */,
				CF062869195E366F0005F178 /* Photos.framework in Frameworks */,
			);
			runOnlyForDeploymentPostprocessing = 0;
		};
		CF554EC6195D107B00F043C3 /* Frameworks */ = {
			isa = PBXFrameworksBuildPhase;
			buildActionMask = 2147483647;
			files = (
				CF400E5C195F4F590044E4FB /* MapKit.framework in Frameworks */,
			);
			runOnlyForDeploymentPostprocessing = 0;
		};
		CF554EDC195D107B00F043C3 /* Frameworks */ = {
			isa = PBXFrameworksBuildPhase;
			buildActionMask = 2147483647;
			files = (
			);
			runOnlyForDeploymentPostprocessing = 0;
		};
/* End PBXFrameworksBuildPhase section */

/* Begin PBXGroup section */
		CF06285D195E1B400005F178 /* View */ = {
			isa = PBXGroup;
			children = (
				CF06285A195E1B3C0005F178 /* RDCollectionView.h */,
				CF06285B195E1B3C0005F178 /* RDCollectionView.m */,
			);
			name = View;
			sourceTree = "<group>";
		};
		CF062865195E366F0005F178 /* Frameworks */ = {
			isa = PBXGroup;
			children = (
				CF730918195F4D2A0062F811 /* MapKit.framework */,
				CF730915195F4D1C0062F811 /* CoreLocation.framework */,
				CF062866195E366F0005F178 /* PhotosUI.framework */,
				CF062868195E366F0005F178 /* Photos.framework */,
			);
			name = Frameworks;
			sourceTree = "<group>";
		};
		CF06286A195E366F0005F178 /* SuperpowersEditor */ = {
			isa = PBXGroup;
			children = (
				CF06286D195E366F0005F178 /* PhotoEditingViewController.h */,
				CF06286E195E366F0005F178 /* PhotoEditingViewController.m */,
				CF062870195E366F0005F178 /* MainInterface.storyboard */,
				CF06286B195E366F0005F178 /* Supporting Files */,
				CF16153A195F733F00A66C9D /* PhotoEditorCollectionViewCell.h */,
				CF16153B195F733F00A66C9D /* PhotoEditorCollectionViewCell.m */,
			);
			path = SuperpowersEditor;
			sourceTree = "<group>";
		};
		CF06286B195E366F0005F178 /* Supporting Files */ = {
			isa = PBXGroup;
			children = (
				CF06286C195E366F0005F178 /* Info.plist */,
			);
			name = "Supporting Files";
			sourceTree = "<group>";
		};
		CF1B5D33195E0066004F722D /* Library */ = {
			isa = PBXGroup;
			children = (
				CF423CEB195DFBCD009FE860 /* VWWLibraryViewController.h */,
				CF423CEC195DFBCD009FE860 /* VWWLibraryViewController.m */,
			);
			name = Library;
			sourceTree = "<group>";
		};
		CF1B5D34195E02C7004F722D /* Include */ = {
			isa = PBXGroup;
			children = (
				CF1B5D35195E02C7004F722D /* VWW.h */,
				CF1B5D36195E02C7004F722D /* VWWBlocks.h */,
				CF1B5D37195E02C7004F722D /* VWWDefines.h */,
				CF1B5D38195E02C7004F722D /* VWWTypes.h */,
				CF730921195F4EB30062F811 /* VWWUserDefaults.h */,
				CF730922195F4EB30062F811 /* VWWUserDefaults.m */,
				CF730920195F4EB30062F811 /* VWWUtility.h */,
				CF73091F195F4EB30062F811 /* VWWUtility.m */,
			);
			path = Include;
			sourceTree = "<group>";
		};
		CF236A58195E078400F0CBEB /* Welcome */ = {
			isa = PBXGroup;
			children = (
				CF236A55195E070200F0CBEB /* VWWWelcomeViewController.h */,
				CF236A56195E070200F0CBEB /* VWWWelcomeViewController.m */,
			);
			name = Welcome;
			sourceTree = "<group>";
		};
		CF400E62195F65B80044E4FB /* Location */ = {
			isa = PBXGroup;
			children = (
				CF400E5E195F65B10044E4FB /* VWWLocationController.h */,
				CF400E5F195F65B10044E4FB /* VWWLocationController.m */,
			);
			name = Location;
			sourceTree = "<group>";
		};
		CF554EC0195D107B00F043C3 = {
			isa = PBXGroup;
			children = (
				CF400E5B195F4F590044E4FB /* MapKit.framework */,
				CF554ECB195D107B00F043C3 /* Superpowers */,
				CF554EE2195D107B00F043C3 /* SuperpowersTests */,
				CF06286A195E366F0005F178 /* SuperpowersEditor */,
				CF062865195E366F0005F178 /* Frameworks */,
				CF554ECA195D107B00F043C3 /* Products */,
			);
			sourceTree = "<group>";
		};
		CF554ECA195D107B00F043C3 /* Products */ = {
			isa = PBXGroup;
			children = (
				CF554EC9195D107B00F043C3 /* Superpowers.app */,
				CF554EDF195D107B00F043C3 /* SuperpowersTests.xctest */,
				CF062864195E366F0005F178 /* VaporWareWolf-Software.Superpowers.SuperpowersEditor.appex */,
			);
			name = Products;
			sourceTree = "<group>";
		};
		CF554ECB195D107B00F043C3 /* Superpowers */ = {
			isa = PBXGroup;
			children = (
				CF554EFF195D1DB500F043C3 /* Categories */,
				CF554EF4195D1D4800F043C3 /* Controllers */,
				CF554F01195D1DCD00F043C3 /* Documents */,
				CF554ED9195D107B00F043C3 /* Images.xcassets */,
				CF1B5D34195E02C7004F722D /* Include */,
				CF554ECC195D107B00F043C3 /* Supporting Files */,
				CF554F00195D1DBC00F043C3 /* UserInterface */,
				CF06285D195E1B400005F178 /* View */,
			);
			path = Superpowers;
			sourceTree = "<group>";
		};
		CF554ECC195D107B00F043C3 /* Supporting Files */ = {
			isa = PBXGroup;
			children = (
				CF554ED0195D107B00F043C3 /* AppDelegate.h */,
				CF554ED1195D107B00F043C3 /* AppDelegate.m */,
				CF554ECD195D107B00F043C3 /* Info.plist */,
				CF554ECE195D107B00F043C3 /* main.m */,
			);
			name = "Supporting Files";
			sourceTree = "<group>";
		};
		CF554EE2195D107B00F043C3 /* SuperpowersTests */ = {
			isa = PBXGroup;
			children = (
				CF554EE5195D107B00F043C3 /* SuperpowersTests.m */,
				CF554EE3195D107B00F043C3 /* Supporting Files */,
			);
			path = SuperpowersTests;
			sourceTree = "<group>";
		};
		CF554EE3195D107B00F043C3 /* Supporting Files */ = {
			isa = PBXGroup;
			children = (
				CF554EE4195D107B00F043C3 /* Info.plist */,
			);
			name = "Supporting Files";
			sourceTree = "<group>";
		};
		CF554EF4195D1D4800F043C3 /* Controllers */ = {
			isa = PBXGroup;
			children = (
				CF400E62195F65B80044E4FB /* Location */,
				CF554EF5195D1D5100F043C3 /* View */,
			);
			name = Controllers;
			sourceTree = "<group>";
		};
		CF554EF5195D1D5100F043C3 /* View */ = {
			isa = PBXGroup;
			children = (
				CF554EF8195D1D7B00F043C3 /* Full */,
				CF1B5D33195E0066004F722D /* Library */,
				CF554EF6195D1D5A00F043C3 /* Main */,
				CF236A58195E078400F0CBEB /* Welcome */,
			);
			name = View;
			sourceTree = "<group>";
		};
		CF554EF6195D1D5A00F043C3 /* Main */ = {
			isa = PBXGroup;
			children = (
				CF554EFE195D1DA700F043C3 /* Layout */,
				CF554EF7195D1D6000F043C3 /* Cell */,
				CF554ED3195D107B00F043C3 /* ViewController.h */,
				CF554ED4195D107B00F043C3 /* ViewController.m */,
			);
			name = Main;
			sourceTree = "<group>";
		};
		CF554EF7195D1D6000F043C3 /* Cell */ = {
			isa = PBXGroup;
			children = (
				CF554EEF195D121000F043C3 /* VWWAssetCollectionViewCell.h */,
				CF554EF0195D121000F043C3 /* VWWAssetCollectionViewCell.m */,
			);
			name = Cell;
			sourceTree = "<group>";
		};
		CF554EF8195D1D7B00F043C3 /* Full */ = {
			isa = PBXGroup;
			children = (
				CF554EFD195D1DA200F043C3 /* Layout */,
				CF554EFC195D1D9D00F043C3 /* Cell */,
				CF554EF9195D1D9400F043C3 /* VWWFullScreenViewController.h */,
				CF554EFA195D1D9400F043C3 /* VWWFullScreenViewController.m */,
			);
			name = Full;
			sourceTree = "<group>";
		};
		CF554EFC195D1D9D00F043C3 /* Cell */ = {
			isa = PBXGroup;
			children = (
			);
			name = Cell;
			sourceTree = "<group>";
		};
		CF554EFD195D1DA200F043C3 /* Layout */ = {
			isa = PBXGroup;
			children = (
			);
			name = Layout;
			sourceTree = "<group>";
		};
		CF554EFE195D1DA700F043C3 /* Layout */ = {
			isa = PBXGroup;
			children = (
				CF062854195E1B330005F178 /* RDGridviewFlowLayout.h */,
				CF062855195E1B330005F178 /* RDGridviewFlowLayout.m */,
				CF062856195E1B330005F178 /* RDMapviewLayout.h */,
				CF062857195E1B330005F178 /* RDMapviewLayout.m */,
			);
			name = Layout;
			sourceTree = "<group>";
		};
		CF554EFF195D1DB500F043C3 /* Categories */ = {
			isa = PBXGroup;
			children = (
				CF1B5D39195E02D1004F722D /* NSTimer+Blocks.h */,
				CF1B5D3A195E02D1004F722D /* NSTimer+Blocks.m */,
			);
			name = Categories;
			sourceTree = "<group>";
		};
		CF554F00195D1DBC00F043C3 /* UserInterface */ = {
			isa = PBXGroup;
			children = (
				CF554ED6195D107B00F043C3 /* Main.storyboard */,
			);
			name = UserInterface;
			sourceTree = "<group>";
		};
		CF554F01195D1DCD00F043C3 /* Documents */ = {
			isa = PBXGroup;
			children = (
				CF554EF2195D1A4E00F043C3 /* ideas.txt */,
			);
			name = Documents;
			sourceTree = "<group>";
		};
/* End PBXGroup section */

/* Begin PBXNativeTarget section */
		CF062863195E366F0005F178 /* SuperpowersEditor */ = {
			isa = PBXNativeTarget;
			buildConfigurationList = CF062878195E366F0005F178 /* Build configuration list for PBXNativeTarget "SuperpowersEditor" */;
			buildPhases = (
				CF062860195E366F0005F178 /* Sources */,
				CF062861195E366F0005F178 /* Frameworks */,
				CF062862195E366F0005F178 /* Resources */,
			);
			buildRules = (
			);
			dependencies = (
			);
			name = SuperpowersEditor;
			productName = SuperpowersEditor;
			productReference = CF062864195E366F0005F178 /* VaporWareWolf-Software.Superpowers.SuperpowersEditor.appex */;
			productType = "com.apple.product-type.app-extension";
		};
		CF554EC8195D107B00F043C3 /* Superpowers */ = {
			isa = PBXNativeTarget;
			buildConfigurationList = CF554EE9195D107B00F043C3 /* Build configuration list for PBXNativeTarget "Superpowers" */;
			buildPhases = (
				CF554EC5195D107B00F043C3 /* Sources */,
				CF554EC6195D107B00F043C3 /* Frameworks */,
				CF554EC7195D107B00F043C3 /* Resources */,
				CF062874195E366F0005F178 /* Embed App Extensions */,
			);
			buildRules = (
			);
			dependencies = (
				CF062873195E366F0005F178 /* PBXTargetDependency */,
				CF062877195E366F0005F178 /* PBXTargetDependency */,
			);
			name = Superpowers;
			productName = Superpowers;
			productReference = CF554EC9195D107B00F043C3 /* Superpowers.app */;
			productType = "com.apple.product-type.application";
		};
		CF554EDE195D107B00F043C3 /* SuperpowersTests */ = {
			isa = PBXNativeTarget;
			buildConfigurationList = CF554EEC195D107B00F043C3 /* Build configuration list for PBXNativeTarget "SuperpowersTests" */;
			buildPhases = (
				CF554EDB195D107B00F043C3 /* Sources */,
				CF554EDC195D107B00F043C3 /* Frameworks */,
				CF554EDD195D107B00F043C3 /* Resources */,
			);
			buildRules = (
			);
			dependencies = (
				CF554EE1195D107B00F043C3 /* PBXTargetDependency */,
				CF16153E195F761900A66C9D /* PBXTargetDependency */,
			);
			name = SuperpowersTests;
			productName = SuperpowersTests;
			productReference = CF554EDF195D107B00F043C3 /* SuperpowersTests.xctest */;
			productType = "com.apple.product-type.bundle.unit-test";
		};
/* End PBXNativeTarget section */

/* Begin PBXProject section */
		CF554EC1195D107B00F043C3 /* Project object */ = {
			isa = PBXProject;
			attributes = {
				LastUpgradeCheck = 0600;
				ORGANIZATIONNAME = "Zakk Hoyt";
				TargetAttributes = {
					CF062863195E366F0005F178 = {
						CreatedOnToolsVersion = 6.0;
					};
					CF554EC8195D107B00F043C3 = {
						CreatedOnToolsVersion = 6.0;
					};
					CF554EDE195D107B00F043C3 = {
						CreatedOnToolsVersion = 6.0;
						TestTargetID = CF554EC8195D107B00F043C3;
					};
				};
			};
			buildConfigurationList = CF554EC4195D107B00F043C3 /* Build configuration list for PBXProject "Superpowers" */;
			compatibilityVersion = "Xcode 3.2";
			developmentRegion = English;
			hasScannedForEncodings = 0;
			knownRegions = (
				en,
				Base,
			);
			mainGroup = CF554EC0195D107B00F043C3;
			productRefGroup = CF554ECA195D107B00F043C3 /* Products */;
			projectDirPath = "";
			projectRoot = "";
			targets = (
				CF554EC8195D107B00F043C3 /* Superpowers */,
				CF554EDE195D107B00F043C3 /* SuperpowersTests */,
				CF062863195E366F0005F178 /* SuperpowersEditor */,
			);
		};
/* End PBXProject section */

/* Begin PBXResourcesBuildPhase section */
		CF062862195E366F0005F178 /* Resources */ = {
			isa = PBXResourcesBuildPhase;
			buildActionMask = 2147483647;
			files = (
				CF062871195E366F0005F178 /* MainInterface.storyboard in Resources */,
			);
			runOnlyForDeploymentPostprocessing = 0;
		};
		CF554EC7195D107B00F043C3 /* Resources */ = {
			isa = PBXResourcesBuildPhase;
			buildActionMask = 2147483647;
			files = (
				CF554ED8195D107B00F043C3 /* Main.storyboard in Resources */,
				CF554EDA195D107B00F043C3 /* Images.xcassets in Resources */,
				CF554EF3195D1A4E00F043C3 /* ideas.txt in Resources */,
			);
			runOnlyForDeploymentPostprocessing = 0;
		};
		CF554EDD195D107B00F043C3 /* Resources */ = {
			isa = PBXResourcesBuildPhase;
			buildActionMask = 2147483647;
			files = (
			);
			runOnlyForDeploymentPostprocessing = 0;
		};
/* End PBXResourcesBuildPhase section */

/* Begin PBXSourcesBuildPhase section */
		CF062860195E366F0005F178 /* Sources */ = {
			isa = PBXSourcesBuildPhase;
			buildActionMask = 2147483647;
			files = (
				CF400E5A195F4F120044E4FB /* VWWUtility.m in Sources */,
				CF06286F195E366F0005F178 /* PhotoEditingViewController.m in Sources */,
				CF400E59195F4F120044E4FB /* VWWUserDefaults.m in Sources */,
				CF16153C195F733F00A66C9D /* PhotoEditorCollectionViewCell.m in Sources */,
				CF400E61195F65B10044E4FB /* VWWLocationController.m in Sources */,
			);
			runOnlyForDeploymentPostprocessing = 0;
		};
		CF554EC5195D107B00F043C3 /* Sources */ = {
			isa = PBXSourcesBuildPhase;
			buildActionMask = 2147483647;
			files = (
				CF554ED5195D107B00F043C3 /* ViewController.m in Sources */,
				CF730924195F4EB30062F811 /* VWWUserDefaults.m in Sources */,
				CF06285C195E1B3C0005F178 /* RDCollectionView.m in Sources */,
				CF554ED2195D107B00F043C3 /* AppDelegate.m in Sources */,
				CF730923195F4EB30062F811 /* VWWUtility.m in Sources */,
				CF400E60195F65B10044E4FB /* VWWLocationController.m in Sources */,
				CF554EF1195D121000F043C3 /* VWWAssetCollectionViewCell.m in Sources */,
				CF554ECF195D107B00F043C3 /* main.m in Sources */,
				CF236A57195E070200F0CBEB /* VWWWelcomeViewController.m in Sources */,
				CF554EFB195D1D9400F043C3 /* VWWFullScreenViewController.m in Sources */,
				CF423CED195DFBCD009FE860 /* VWWLibraryViewController.m in Sources */,
				CF062859195E1B330005F178 /* RDMapviewLayout.m in Sources */,
				CF062858195E1B330005F178 /* RDGridviewFlowLayout.m in Sources */,
				CF1B5D3B195E02D1004F722D /* NSTimer+Blocks.m in Sources */,
			);
			runOnlyForDeploymentPostprocessing = 0;
		};
		CF554EDB195D107B00F043C3 /* Sources */ = {
			isa = PBXSourcesBuildPhase;
			buildActionMask = 2147483647;
			files = (
				CF554EE6195D107B00F043C3 /* SuperpowersTests.m in Sources */,
			);
			runOnlyForDeploymentPostprocessing = 0;
		};
/* End PBXSourcesBuildPhase section */

/* Begin PBXTargetDependency section */
		CF062873195E366F0005F178 /* PBXTargetDependency */ = {
			isa = PBXTargetDependency;
			target = CF062863195E366F0005F178 /* SuperpowersEditor */;
			targetProxy = CF062872195E366F0005F178 /* PBXContainerItemProxy */;
		};
		CF062877195E366F0005F178 /* PBXTargetDependency */ = {
			isa = PBXTargetDependency;
			target = CF062863195E366F0005F178 /* SuperpowersEditor */;
			targetProxy = CF062876195E366F0005F178 /* PBXContainerItemProxy */;
		};
		CF16153E195F761900A66C9D /* PBXTargetDependency */ = {
			isa = PBXTargetDependency;
			target = CF554EC8195D107B00F043C3 /* Superpowers */;
			targetProxy = CF16153D195F761900A66C9D /* PBXContainerItemProxy */;
		};
		CF554EE1195D107B00F043C3 /* PBXTargetDependency */ = {
			isa = PBXTargetDependency;
			target = CF554EC8195D107B00F043C3 /* Superpowers */;
			targetProxy = CF554EE0195D107B00F043C3 /* PBXContainerItemProxy */;
		};
/* End PBXTargetDependency section */

/* Begin PBXVariantGroup section */
		CF554ED6195D107B00F043C3 /* Main.storyboard */ = {
			isa = PBXVariantGroup;
			children = (
				CF554ED7195D107B00F043C3 /* Base */,
			);
			name = Main.storyboard;
			sourceTree = "<group>";
		};
/* End PBXVariantGroup section */

/* Begin XCBuildConfiguration section */
		CF062879195E366F0005F178 /* Debug */ = {
			isa = XCBuildConfiguration;
			buildSettings = {
				GCC_PREPROCESSOR_DEFINITIONS = (
					"DEBUG=1",
					"$(inherited)",
				);
				INFOPLIST_FILE = SuperpowersEditor/Info.plist;
				LD_RUNPATH_SEARCH_PATHS = "$(inherited) @executable_path/Frameworks @executable_path/../../Frameworks";
				METAL_ENABLE_DEBUG_INFO = YES;
				PRODUCT_NAME = "VaporWareWolf-Software.Superpowers.$(TARGET_NAME:rfc1034identifier)";
				SKIP_INSTALL = YES;
				TARGETED_DEVICE_FAMILY = "1,2";
			};
			name = Debug;
		};
		CF06287A195E366F0005F178 /* Release */ = {
			isa = XCBuildConfiguration;
			buildSettings = {
				INFOPLIST_FILE = SuperpowersEditor/Info.plist;
				LD_RUNPATH_SEARCH_PATHS = "$(inherited) @executable_path/Frameworks @executable_path/../../Frameworks";
				METAL_ENABLE_DEBUG_INFO = NO;
				PRODUCT_NAME = "VaporWareWolf-Software.Superpowers.$(TARGET_NAME:rfc1034identifier)";
				SKIP_INSTALL = YES;
				TARGETED_DEVICE_FAMILY = "1,2";
			};
			name = Release;
		};
		CF554EE7195D107B00F043C3 /* Debug */ = {
			isa = XCBuildConfiguration;
			buildSettings = {
				ALWAYS_SEARCH_USER_PATHS = NO;
				CLANG_CXX_LANGUAGE_STANDARD = "gnu++0x";
				CLANG_CXX_LIBRARY = "libc++";
				CLANG_ENABLE_MODULES = YES;
				CLANG_ENABLE_OBJC_ARC = YES;
				CLANG_WARN_BOOL_CONVERSION = YES;
				CLANG_WARN_CONSTANT_CONVERSION = YES;
				CLANG_WARN_DIRECT_OBJC_ISA_USAGE = YES_ERROR;
				CLANG_WARN_EMPTY_BODY = YES;
				CLANG_WARN_ENUM_CONVERSION = YES;
				CLANG_WARN_INT_CONVERSION = YES;
				CLANG_WARN_OBJC_ROOT_CLASS = YES_ERROR;
				CLANG_WARN_UNREACHABLE_CODE = YES;
				CLANG_WARN__DUPLICATE_METHOD_MATCH = YES;
				"CODE_SIGN_IDENTITY[sdk=iphoneos*]" = "iPhone Developer";
				COPY_PHASE_STRIP = NO;
				ENABLE_STRICT_OBJC_MSGSEND = YES;
				GCC_C_LANGUAGE_STANDARD = gnu99;
				GCC_DYNAMIC_NO_PIC = NO;
				GCC_OPTIMIZATION_LEVEL = 0;
				GCC_PREPROCESSOR_DEFINITIONS = (
					"DEBUG=1",
					"$(inherited)",
				);
				GCC_SYMBOLS_PRIVATE_EXTERN = NO;
				GCC_WARN_64_TO_32_BIT_CONVERSION = YES;
				GCC_WARN_ABOUT_RETURN_TYPE = YES_ERROR;
				GCC_WARN_UNDECLARED_SELECTOR = YES;
				GCC_WARN_UNINITIALIZED_AUTOS = YES_AGGRESSIVE;
				GCC_WARN_UNUSED_FUNCTION = YES;
				GCC_WARN_UNUSED_VARIABLE = YES;
				IPHONEOS_DEPLOYMENT_TARGET = 8.0;
				METAL_ENABLE_DEBUG_INFO = YES;
				ONLY_ACTIVE_ARCH = YES;
				SDKROOT = iphoneos;
				TARGETED_DEVICE_FAMILY = "1,2";
			};
			name = Debug;
		};
		CF554EE8195D107B00F043C3 /* Release */ = {
			isa = XCBuildConfiguration;
			buildSettings = {
				ALWAYS_SEARCH_USER_PATHS = NO;
				CLANG_CXX_LANGUAGE_STANDARD = "gnu++0x";
				CLANG_CXX_LIBRARY = "libc++";
				CLANG_ENABLE_MODULES = YES;
				CLANG_ENABLE_OBJC_ARC = YES;
				CLANG_WARN_BOOL_CONVERSION = YES;
				CLANG_WARN_CONSTANT_CONVERSION = YES;
				CLANG_WARN_DIRECT_OBJC_ISA_USAGE = YES_ERROR;
				CLANG_WARN_EMPTY_BODY = YES;
				CLANG_WARN_ENUM_CONVERSION = YES;
				CLANG_WARN_INT_CONVERSION = YES;
				CLANG_WARN_OBJC_ROOT_CLASS = YES_ERROR;
				CLANG_WARN_UNREACHABLE_CODE = YES;
				CLANG_WARN__DUPLICATE_METHOD_MATCH = YES;
				"CODE_SIGN_IDENTITY[sdk=iphoneos*]" = "iPhone Developer";
				COPY_PHASE_STRIP = YES;
				ENABLE_NS_ASSERTIONS = NO;
				ENABLE_STRICT_OBJC_MSGSEND = YES;
				GCC_C_LANGUAGE_STANDARD = gnu99;
				GCC_WARN_64_TO_32_BIT_CONVERSION = YES;
				GCC_WARN_ABOUT_RETURN_TYPE = YES_ERROR;
				GCC_WARN_UNDECLARED_SELECTOR = YES;
				GCC_WARN_UNINITIALIZED_AUTOS = YES_AGGRESSIVE;
				GCC_WARN_UNUSED_FUNCTION = YES;
				GCC_WARN_UNUSED_VARIABLE = YES;
				IPHONEOS_DEPLOYMENT_TARGET = 8.0;
				METAL_ENABLE_DEBUG_INFO = NO;
				SDKROOT = iphoneos;
				TARGETED_DEVICE_FAMILY = "1,2";
				VALIDATE_PRODUCT = YES;
			};
			name = Release;
		};
		CF554EEA195D107B00F043C3 /* Debug */ = {
			isa = XCBuildConfiguration;
			buildSettings = {
				ASSETCATALOG_COMPILER_APPICON_NAME = AppIcon;
				ASSETCATALOG_COMPILER_LAUNCHIMAGE_NAME = LaunchImage;
				INFOPLIST_FILE = Superpowers/Info.plist;
				LD_RUNPATH_SEARCH_PATHS = "$(inherited) @executable_path/Frameworks";
				PRODUCT_NAME = "$(TARGET_NAME)";
			};
			name = Debug;
		};
		CF554EEB195D107B00F043C3 /* Release */ = {
			isa = XCBuildConfiguration;
			buildSettings = {
				ASSETCATALOG_COMPILER_APPICON_NAME = AppIcon;
				ASSETCATALOG_COMPILER_LAUNCHIMAGE_NAME = LaunchImage;
				INFOPLIST_FILE = Superpowers/Info.plist;
				LD_RUNPATH_SEARCH_PATHS = "$(inherited) @executable_path/Frameworks";
				PRODUCT_NAME = "$(TARGET_NAME)";
			};
			name = Release;
		};
		CF554EED195D107B00F043C3 /* Debug */ = {
			isa = XCBuildConfiguration;
			buildSettings = {
				BUNDLE_LOADER = "$(BUILT_PRODUCTS_DIR)/Superpowers.app/Superpowers";
				FRAMEWORK_SEARCH_PATHS = (
					"$(SDKROOT)/Developer/Library/Frameworks",
					"$(inherited)",
				);
				GCC_PREPROCESSOR_DEFINITIONS = (
					"DEBUG=1",
					"$(inherited)",
				);
				INFOPLIST_FILE = SuperpowersTests/Info.plist;
				LD_RUNPATH_SEARCH_PATHS = "$(inherited) @executable_path/Frameworks @loader_path/Frameworks";
				METAL_ENABLE_DEBUG_INFO = YES;
				PRODUCT_NAME = "$(TARGET_NAME)";
				TEST_HOST = "$(BUNDLE_LOADER)";
			};
			name = Debug;
		};
		CF554EEE195D107B00F043C3 /* Release */ = {
			isa = XCBuildConfiguration;
			buildSettings = {
				BUNDLE_LOADER = "$(BUILT_PRODUCTS_DIR)/Superpowers.app/Superpowers";
				FRAMEWORK_SEARCH_PATHS = (
					"$(SDKROOT)/Developer/Library/Frameworks",
					"$(inherited)",
				);
				INFOPLIST_FILE = SuperpowersTests/Info.plist;
				LD_RUNPATH_SEARCH_PATHS = "$(inherited) @executable_path/Frameworks @loader_path/Frameworks";
				METAL_ENABLE_DEBUG_INFO = NO;
				PRODUCT_NAME = "$(TARGET_NAME)";
				TEST_HOST = "$(BUNDLE_LOADER)";
			};
			name = Release;
		};
/* End XCBuildConfiguration section */

/* Begin XCConfigurationList section */
		CF062878195E366F0005F178 /* Build configuration list for PBXNativeTarget "SuperpowersEditor" */ = {
			isa = XCConfigurationList;
			buildConfigurations = (
				CF062879195E366F0005F178 /* Debug */,
				CF06287A195E366F0005F178 /* Release */,
			);
			defaultConfigurationIsVisible = 0;
			defaultConfigurationName = Release;
		};
		CF554EC4195D107B00F043C3 /* Build configuration list for PBXProject "Superpowers" */ = {
			isa = XCConfigurationList;
			buildConfigurations = (
				CF554EE7195D107B00F043C3 /* Debug */,
				CF554EE8195D107B00F043C3 /* Release */,
			);
			defaultConfigurationIsVisible = 0;
			defaultConfigurationName = Release;
		};
		CF554EE9195D107B00F043C3 /* Build configuration list for PBXNativeTarget "Superpowers" */ = {
			isa = XCConfigurationList;
			buildConfigurations = (
				CF554EEA195D107B00F043C3 /* Debug */,
				CF554EEB195D107B00F043C3 /* Release */,
			);
			defaultConfigurationIsVisible = 0;
			defaultConfigurationName = Release;
		};
		CF554EEC195D107B00F043C3 /* Build configuration list for PBXNativeTarget "SuperpowersTests" */ = {
			isa = XCConfigurationList;
			buildConfigurations = (
				CF554EED195D107B00F043C3 /* Debug */,
				CF554EEE195D107B00F043C3 /* Release */,
			);
			defaultConfigurationIsVisible = 0;
			defaultConfigurationName = Release;
		};
/* End XCConfigurationList section */
	};
	rootObject = CF554EC1195D107B00F043C3 /* Project object */;
}
